
Microsoft Visual Studio Solution File, Format Version 12.00
# Visual Studio 2013
VisualStudioVersion = 12.0.40629.0
MinimumVisualStudioVersion = 10.0.40219.1
Project("{FAE04EC0-301F-11D3-BF4B-00C04F79EFBC}") = "DemoSite.Mvc", "DemoSite.Mvc.csproj", "{5CA4886A-F603-4624-A4E6-CC845DDD5E82}"
EndProject
Global
	GlobalSection(SolutionConfigurationPlatforms) = preSolution
		Debug|Any CPU = Debug|Any CPU
		Release|Any CPU = Release|Any CPU
	EndGlobalSection
	GlobalSection(ProjectConfigurationPlatforms) = postSolution
		{5CA4886A-F603-4624-A4E6-CC845DDD5E82}.Debug|Any CPU.ActiveCfg = Debug|Any CPU
		{5CA4886A-F603-4624-A4E6-CC845DDD5E82}.Debug|Any CPU.Build.0 = Debug|Any CPU
		{5CA4886A-F603-4624-A4E6-CC845DDD5E82}.Release|Any CPU.ActiveCfg = Release|Any CPU
		{5CA4886A-F603-4624-A4E6-CC845DDD5E82}.Release|Any CPU.Build.0 = Release|Any CPU
	EndGlobalSection
	GlobalSection(SolutionProperties) = preSolution
		HideSolutionNode = FALSE
	EndGlobalSection
EndGlobal
